// !$*UTF8*$!
{
	archiveVersion = 1;
	classes = {
	};
	objectVersion = 54;
	objects = {

/* Begin PBXBuildFile section */
		055E465F9095D0B6E9B91D46 /* PathProviderPlugin.swift in Sources */ = {isa = PBXBuildFile; fileRef = D41AA251EF365516E2AC5287 /* PathProviderPlugin.swift */; };
		1C6B234E223CDFFE5BF3FC0B /* TVServices.framework in Frameworks */ = {isa = PBXBuildFile; fileRef = 25B7925EFD8A2C1C7EB667D5 /* TVServices.framework */; };
		28DB4404B17342F46BC2B0A1 /* TopShelfProvider.swift in Sources */ = {isa = PBXBuildFile; fileRef = F2F829B3F190657106F66379 /* TopShelfProvider.swift */; };
		35DB0C8FEF635A3BCA0B722A /* PackageInfoPlusPlugin.swift in Sources */ = {isa = PBXBuildFile; fileRef = F9426EFA282CDA8E0E98EEE9 /* PackageInfoPlusPlugin.swift */; };
		3B3967161E833CAA004F5970 /* AppFrameworkInfo.plist in Resources */ = {isa = PBXBuildFile; fileRef = 3B3967151E833CAA004F5970 /* AppFrameworkInfo.plist */; };
		5C71F5F7B33075F2B007825B /* MpvPlayerPluginShared.swift in Sources */ = {isa = PBXBuildFile; fileRef = 73645904F226A24585A092CE /* MpvPlayerPluginShared.swift */; };
		7A11A7C50113007825B00A01 /* AtmosProbePlugin.swift in Sources */ = {isa = PBXBuildFile; fileRef = 7A11A7C50113007825B00A02 /* AtmosProbePlugin.swift */; };
		691577F0EB3F4EB1A5160280 /* MpvPlayerCoreBase.swift in Sources */ = {isa = PBXBuildFile; fileRef = D52A3BDA46E79969EA1DF3AC /* MpvPlayerCoreBase.swift */; };
		B1D51A6A2F00110000000014 /* MpvAudioPlayerCore.swift in Sources */ = {isa = PBXBuildFile; fileRef = B1D51A6A2F00110000000015 /* MpvAudioPlayerCore.swift */; };
		B1D51A6A2F00110000000016 /* MpvAudioPlayerPlugin.swift in Sources */ = {isa = PBXBuildFile; fileRef = B1D51A6A2F00110000000017 /* MpvAudioPlayerPlugin.swift */; };
		6F3C0DD6F2F8DA14E7E2F386 /* MpvPlayerCore.swift in Sources */ = {isa = PBXBuildFile; fileRef = A12B8610AE5D580077264851 /* MpvPlayerCore.swift */; };
		74858FAF1ED2DC5600515810 /* AppDelegate.swift in Sources */ = {isa = PBXBuildFile; fileRef = 74858FAE1ED2DC5600515810 /* AppDelegate.swift */; };
		81325C1CD13794375A81AC02 /* messages.g.swift in Sources */ = {isa = PBXBuildFile; fileRef = 34CD411CCD84E381C4BF4C1B /* messages.g.swift */; };
		81F08E404EBEB19B00FF148D /* ConnectivityPlusPlugin.swift in Sources */ = {isa = PBXBuildFile; fileRef = 67C3193A50DFDECE2B92D075 /* ConnectivityPlusPlugin.swift */; };
		8E5EED3DDAC9455D4DAA9776 /* MpvPlayerPlugin.swift in Sources */ = {isa = PBXBuildFile; fileRef = 9D7A998830EDC8F77BF521D1 /* MpvPlayerPlugin.swift */; };
		97C146FC1CF9000F007C117D /* Main.storyboard in Resources */ = {isa = PBXBuildFile; fileRef = 97C146FA1CF9000F007C117D /* Main.storyboard */; };
		97C146FE1CF9000F007C117D /* Assets.xcassets in Resources */ = {isa = PBXBuildFile; fileRef = 97C146FD1CF9000F007C117D /* Assets.xcassets */; };
		97C147011CF9000F007C117D /* LaunchScreen.storyboard in Resources */ = {isa = PBXBuildFile; fileRef = 97C146FF1CF9000F007C117D /* LaunchScreen.storyboard */; };
		A7596F780E93AF0BE3838A26 /* ConnectivityProvider.swift in Sources */ = {isa = PBXBuildFile; fileRef = 3CCA7E80F3A99D8759F2E59F /* ConnectivityProvider.swift */; };
		AA34E3E5872B3792D6959EAA /* MpvPipController.swift in Sources */ = {isa = PBXBuildFile; fileRef = A2635E12EB9322B151EE5127 /* MpvPipController.swift */; };
		BDD87DA7F5C435F9DBB8F9BE /* TopShelfExtension.appex in Embed App Extensions */ = {isa = PBXBuildFile; fileRef = 035F0D5A5E54BE7AD9AFA23C /* TopShelfExtension.appex */; settings = {ATTRIBUTES = (RemoveHeadersOnCopy, ); }; };
		C6A15611158B29B0FF43A960 /* Pods_Runner.framework in Frameworks */ = {isa = PBXBuildFile; fileRef = 824D2C68D1F1206932E118C2 /* Pods_Runner.framework */; };
		CD1C0534948840272E58248E /* PathMonitorConnectivityProvider.swift in Sources */ = {isa = PBXBuildFile; fileRef = 6AEF79DFBD1D80F00AB39CDA /* PathMonitorConnectivityProvider.swift */; };
		D2A548D9DE1A0F319B30B74C /* SystemShelfPlugin.swift in Sources */ = {isa = PBXBuildFile; fileRef = 0760C00EDC55A4D718BCB406 /* SystemShelfPlugin.swift */; };
		EA0F4264E7B912702C490109 /* MPVKit in Frameworks */ = {isa = PBXBuildFile; productRef = EA0F4263E7B912702C490108 /* MPVKit */; };
		E3DEAD2AAFC347A2E55AC0F7 /* SharedPreferencesPlugin.swift in Sources */ = {isa = PBXBuildFile; fileRef = C0455EBA0EF4A61D3B71D2D7 /* SharedPreferencesPlugin.swift */; };
		E79A4474D308631AFA59CAE7 /* DeviceInfoPlusPlugin.swift in Sources */ = {isa = PBXBuildFile; fileRef = 5E1F41676FEF1AB57076F8B9 /* DeviceInfoPlusPlugin.swift */; };
/* End PBXBuildFile section */

/* Begin PBXContainerItemProxy section */
		3E4E59C5E29F44BA64BEB559 /* PBXContainerItemProxy */ = {
			isa = PBXContainerItemProxy;
			containerPortal = 97C146E61CF9000F007C117D /* Project object */;
			proxyType = 1;
			remoteGlobalIDString = 63C63C245D7F38BFF091CEC3;
			remoteInfo = TopShelfExtension;
		};
/* End PBXContainerItemProxy section */

/* Begin PBXCopyFilesBuildPhase section */
		9705A1C41CF9048500538489 /* Embed Frameworks */ = {
			isa = PBXCopyFilesBuildPhase;
			buildActionMask = 2147483647;
			dstPath = "";
			dstSubfolderSpec = 10;
			files = (
			);
			name = "Embed Frameworks";
			runOnlyForDeploymentPostprocessing = 0;
		};
		AE0235548DB8213618795857 /* Embed App Extensions */ = {
			isa = PBXCopyFilesBuildPhase;
			buildActionMask = 2147483647;
			dstPath = "";
			dstSubfolderSpec = 13;
			files = (
				BDD87DA7F5C435F9DBB8F9BE /* TopShelfExtension.appex in Embed App Extensions */,
			);
			name = "Embed App Extensions";
			runOnlyForDeploymentPostprocessing = 0;
		};
/* End PBXCopyFilesBuildPhase section */

/* Begin PBXFileReference section */
		035F0D5A5E54BE7AD9AFA23C /* TopShelfExtension.appex */ = {isa = PBXFileReference; explicitFileType = "wrapper.app-extension"; includeInIndex = 0; name = TopShelfExtension.appex; path = TopShelfExtension.appex; sourceTree = BUILT_PRODUCTS_DIR; };
		04DD35536DEE7C27FFA53862 /* Pods-Runner.release.xcconfig */ = {isa = PBXFileReference; includeInIndex = 1; lastKnownFileType = text.xcconfig; name = "Pods-Runner.release.xcconfig"; path = "Target Support Files/Pods-Runner/Pods-Runner.release.xcconfig"; sourceTree = "<group>"; };
		0760C00EDC55A4D718BCB406 /* SystemShelfPlugin.swift */ = {isa = PBXFileReference; includeInIndex = 1; lastKnownFileType = sourcecode.swift; path = SystemShelfPlugin.swift; sourceTree = "<group>"; };
		0C25F4F2367A30B47E945AD6 /* Pods-Runner.debug.xcconfig */ = {isa = PBXFileReference; includeInIndex = 1; lastKnownFileType = text.xcconfig; name = "Pods-Runner.debug.xcconfig"; path = "Target Support Files/Pods-Runner/Pods-Runner.debug.xcconfig"; sourceTree = "<group>"; };
		25B7925EFD8A2C1C7EB667D5 /* TVServices.framework */ = {isa = PBXFileReference; lastKnownFileType = wrapper.framework; name = TVServices.framework; path = System/Library/Frameworks/TVServices.framework; sourceTree = SDKROOT; };
		34CD411CCD84E381C4BF4C1B /* messages.g.swift */ = {isa = PBXFileReference; includeInIndex = 1; lastKnownFileType = sourcecode.swift; path = messages.g.swift; sourceTree = "<group>"; };
		3B3967151E833CAA004F5970 /* AppFrameworkInfo.plist */ = {isa = PBXFileReference; fileEncoding = 4; lastKnownFileType = text.plist.xml; name = AppFrameworkInfo.plist; path = Flutter/AppFrameworkInfo.plist; sourceTree = "<group>"; };
		3CCA7E80F3A99D8759F2E59F /* ConnectivityProvider.swift */ = {isa = PBXFileReference; includeInIndex = 1; lastKnownFileType = sourcecode.swift; path = ConnectivityProvider.swift; sourceTree = "<group>"; };
		420881FB6A648A2AFD39FFF2 /* Pods-Runner.profile.xcconfig */ = {isa = PBXFileReference; includeInIndex = 1; lastKnownFileType = text.xcconfig; name = "Pods-Runner.profile.xcconfig"; path = "Target Support Files/Pods-Runner/Pods-Runner.profile.xcconfig"; sourceTree = "<group>"; };
		5E1F41676FEF1AB57076F8B9 /* DeviceInfoPlusPlugin.swift */ = {isa = PBXFileReference; includeInIndex = 1; lastKnownFileType = sourcecode.swift; path = DeviceInfoPlusPlugin.swift; sourceTree = "<group>"; };
		67C3193A50DFDECE2B92D075 /* ConnectivityPlusPlugin.swift */ = {isa = PBXFileReference; includeInIndex = 1; lastKnownFileType = sourcecode.swift; path = ConnectivityPlusPlugin.swift; sourceTree = "<group>"; };
		6AEF79DFBD1D80F00AB39CDA /* PathMonitorConnectivityProvider.swift */ = {isa = PBXFileReference; includeInIndex = 1; lastKnownFileType = sourcecode.swift; path = PathMonitorConnectivityProvider.swift; sourceTree = "<group>"; };
		73645904F226A24585A092CE /* MpvPlayerPluginShared.swift */ = {isa = PBXFileReference; includeInIndex = 1; lastKnownFileType = sourcecode.swift; name = MpvPlayerPluginShared.swift; path = ../shared/apple/MpvPlayer/MpvPlayerPluginShared.swift; sourceTree = "<source_root>"; };
		7A11A7C50113007825B00A02 /* AtmosProbePlugin.swift */ = {isa = PBXFileReference; includeInIndex = 1; lastKnownFileType = sourcecode.swift; name = AtmosProbePlugin.swift; path = ../shared/apple/AtmosProbe/AtmosProbePlugin.swift; sourceTree = "<source_root>"; };
		74858FAD1ED2DC5600515810 /* Runner-Bridging-Header.h */ = {isa = PBXFileReference; lastKnownFileType = sourcecode.c.h; path = "Runner-Bridging-Header.h"; sourceTree = "<group>"; };
		74858FAE1ED2DC5600515810 /* AppDelegate.swift */ = {isa = PBXFileReference; fileEncoding = 4; lastKnownFileType = sourcecode.swift; path = AppDelegate.swift; sourceTree = "<group>"; };
		7AFA3C8E1D35360C0083082E /* Release.xcconfig */ = {isa = PBXFileReference; lastKnownFileType = text.xcconfig; name = Release.xcconfig; path = Flutter/Release.xcconfig; sourceTree = "<group>"; };
		824D2C68D1F1206932E118C2 /* Pods_Runner.framework */ = {isa = PBXFileReference; explicitFileType = wrapper.framework; includeInIndex = 0; path = Pods_Runner.framework; sourceTree = BUILT_PRODUCTS_DIR; };
		9165AF55B967D8845D042FE7 /* TopShelfExtension.entitlements */ = {isa = PBXFileReference; includeInIndex = 1; lastKnownFileType = text.plist.entitlements; path = TopShelfExtension.entitlements; sourceTree = "<group>"; };
		937C0D45D6114EF1E957F5F6 /* Runner.entitlements */ = {isa = PBXFileReference; includeInIndex = 1; lastKnownFileType = text.plist.entitlements; path = Runner.entitlements; sourceTree = "<group>"; };
		9740EEB21CF90195004384FC /* Debug.xcconfig */ = {isa = PBXFileReference; fileEncoding = 4; lastKnownFileType = text.xcconfig; name = Debug.xcconfig; path = Flutter/Debug.xcconfig; sourceTree = "<group>"; };
		9740EEB31CF90195004384FC /* Generated.xcconfig */ = {isa = PBXFileReference; fileEncoding = 4; lastKnownFileType = text.xcconfig; name = Generated.xcconfig; path = Flutter/Generated.xcconfig; sourceTree = "<group>"; };
		97C146EE1CF9000F007C117D /* Runner.app */ = {isa = PBXFileReference; explicitFileType = wrapper.application; includeInIndex = 0; path = Runner.app; sourceTree = BUILT_PRODUCTS_DIR; };
		97C146FB1CF9000F007C117D /* Base */ = {isa = PBXFileReference; lastKnownFileType = file.storyboard; name = Base; path = Base.lproj/Main.storyboard; sourceTree = "<group>"; };
		97C146FD1CF9000F007C117D /* Assets.xcassets */ = {isa = PBXFileReference; lastKnownFileType = folder.assetcatalog; path = Assets.xcassets; sourceTree = "<group>"; };
		97C147001CF9000F007C117D /* Base */ = {isa = PBXFileReference; lastKnownFileType = file.storyboard; name = Base; path = Base.lproj/LaunchScreen.storyboard; sourceTree = "<group>"; };
		97C147021CF9000F007C117D /* Info.plist */ = {isa = PBXFileReference; lastKnownFileType = text.plist.xml; path = Info.plist; sourceTree = "<group>"; };
		9D7A998830EDC8F77BF521D1 /* MpvPlayerPlugin.swift */ = {isa = PBXFileReference; includeInIndex = 1; lastKnownFileType = sourcecode.swift; name = MpvPlayerPlugin.swift; path = ../ios/Runner/MpvPlayer/MpvPlayerPlugin.swift; sourceTree = "<source_root>"; };
		A12B8610AE5D580077264851 /* MpvPlayerCore.swift */ = {isa = PBXFileReference; includeInIndex = 1; lastKnownFileType = sourcecode.swift; name = MpvPlayerCore.swift; path = ../ios/Runner/MpvPlayer/MpvPlayerCore.swift; sourceTree = "<source_root>"; };
		A2635E12EB9322B151EE5127 /* MpvPipController.swift */ = {isa = PBXFileReference; includeInIndex = 1; lastKnownFileType = sourcecode.swift; name = MpvPipController.swift; path = ../ios/Runner/MpvPlayer/MpvPipController.swift; sourceTree = "<source_root>"; };
		BBCB49C8AE9E90DEF97A87CA /* Info.plist */ = {isa = PBXFileReference; includeInIndex = 1; lastKnownFileType = text.plist.xml; path = Info.plist; sourceTree = "<group>"; };
		C0455EBA0EF4A61D3B71D2D7 /* SharedPreferencesPlugin.swift */ = {isa = PBXFileReference; includeInIndex = 1; lastKnownFileType = sourcecode.swift; path = SharedPreferencesPlugin.swift; sourceTree = "<group>"; };
		D41AA251EF365516E2AC5287 /* PathProviderPlugin.swift */ = {isa = PBXFileReference; includeInIndex = 1; lastKnownFileType = sourcecode.swift; path = PathProviderPlugin.swift; sourceTree = "<group>"; };
		B1D51A6A2F00110000000015 /* MpvAudioPlayerCore.swift */ = {isa = PBXFileReference; includeInIndex = 1; lastKnownFileType = sourcecode.swift; name = MpvAudioPlayerCore.swift; path = ../shared/apple/MpvPlayer/MpvAudioPlayerCore.swift; sourceTree = "<source_root>"; };
		B1D51A6A2F00110000000017 /* MpvAudioPlayerPlugin.swift */ = {isa = PBXFileReference; includeInIndex = 1; lastKnownFileType = sourcecode.swift; name = MpvAudioPlayerPlugin.swift; path = ../shared/apple/MpvPlayer/MpvAudioPlayerPlugin.swift; sourceTree = "<source_root>"; };
		D52A3BDA46E79969EA1DF3AC /* MpvPlayerCoreBase.swift */ = {isa = PBXFileReference; includeInIndex = 1; lastKnownFileType = sourcecode.swift; name = MpvPlayerCoreBase.swift; path = ../shared/apple/MpvPlayer/MpvPlayerCoreBase.swift; sourceTree = "<source_root>"; };
		F2F829B3F190657106F66379 /* TopShelfProvider.swift */ = {isa = PBXFileReference; includeInIndex = 1; lastKnownFileType = sourcecode.swift; path = TopShelfProvider.swift; sourceTree = "<group>"; };
		F9426EFA282CDA8E0E98EEE9 /* PackageInfoPlusPlugin.swift */ = {isa = PBXFileReference; includeInIndex = 1; lastKnownFileType = sourcecode.swift; path = PackageInfoPlusPlugin.swift; sourceTree = "<group>"; };
/* End PBXFileReference section */

/* Begin PBXFrameworksBuildPhase section */
		43E2EE359822E384AD7E8A2E /* Frameworks */ = {
			isa = PBXFrameworksBuildPhase;
			buildActionMask = 2147483647;
			files = (
				1C6B234E223CDFFE5BF3FC0B /* TVServices.framework in Frameworks */,
			);
			runOnlyForDeploymentPostprocessing = 0;
		};
		97C146EB1CF9000F007C117D /* Frameworks */ = {
			isa = PBXFrameworksBuildPhase;
			buildActionMask = 2147483647;
			files = (
				EA0F4264E7B912702C490109 /* MPVKit in Frameworks */,
				C6A15611158B29B0FF43A960 /* Pods_Runner.framework in Frameworks */,
			);
			runOnlyForDeploymentPostprocessing = 0;
		};
/* End PBXFrameworksBuildPhase section */

/* Begin PBXGroup section */
		02A6A190E05475F583874D9C /* package_info_plus */ = {
			isa = PBXGroup;
			children = (
				F9426EFA282CDA8E0E98EEE9 /* PackageInfoPlusPlugin.swift */,
			);
			name = package_info_plus;
			path = package_info_plus;
			sourceTree = "<group>";
		};
		24CE237B5ECBF841DDDAD2D1 /* shared_preferences_foundation */ = {
			isa = PBXGroup;
			children = (
				C0455EBA0EF4A61D3B71D2D7 /* SharedPreferencesPlugin.swift */,
				34CD411CCD84E381C4BF4C1B /* messages.g.swift */,
			);
			name = shared_preferences_foundation;
			path = shared_preferences_foundation;
			sourceTree = "<group>";
		};
		25FB49FF35E9FB1E7A2040EF /* connectivity_plus */ = {
			isa = PBXGroup;
			children = (
				67C3193A50DFDECE2B92D075 /* ConnectivityPlusPlugin.swift */,
				3CCA7E80F3A99D8759F2E59F /* ConnectivityProvider.swift */,
				6AEF79DFBD1D80F00AB39CDA /* PathMonitorConnectivityProvider.swift */,
			);
			name = connectivity_plus;
			path = connectivity_plus;
			sourceTree = "<group>";
		};
		47C2D3F50A23DE33DE92F592 /* TopShelfExtension */ = {
			isa = PBXGroup;
			children = (
				F2F829B3F190657106F66379 /* TopShelfProvider.swift */,
				BBCB49C8AE9E90DEF97A87CA /* Info.plist */,
				9165AF55B967D8845D042FE7 /* TopShelfExtension.entitlements */,
			);
			name = TopShelfExtension;
			path = TopShelfExtension;
			sourceTree = "<group>";
		};
		53CDD29681161166962B9FA5 /* Pods */ = {
			isa = PBXGroup;
			children = (
				0C25F4F2367A30B47E945AD6 /* Pods-Runner.debug.xcconfig */,
				04DD35536DEE7C27FFA53862 /* Pods-Runner.release.xcconfig */,
				420881FB6A648A2AFD39FFF2 /* Pods-Runner.profile.xcconfig */,
			);
			path = Pods;
			sourceTree = "<group>";
		};
		5833EC5B503BBB4E370BA1B7 /* Frameworks */ = {
			isa = PBXGroup;
			children = (
				824D2C68D1F1206932E118C2 /* Pods_Runner.framework */,
				25B7925EFD8A2C1C7EB667D5 /* TVServices.framework */,
			);
			name = Frameworks;
			sourceTree = "<group>";
		};
		6B0884FDB3DBCBC1E7F0CBAD /* device_info_plus */ = {
			isa = PBXGroup;
			children = (
				5E1F41676FEF1AB57076F8B9 /* DeviceInfoPlusPlugin.swift */,
			);
			name = device_info_plus;
			path = device_info_plus;
			sourceTree = "<group>";
		};
		9740EEB11CF90186004384FC /* Flutter */ = {
			isa = PBXGroup;
			children = (
				3B3967151E833CAA004F5970 /* AppFrameworkInfo.plist */,
				9740EEB21CF90195004384FC /* Debug.xcconfig */,
				7AFA3C8E1D35360C0083082E /* Release.xcconfig */,
				9740EEB31CF90195004384FC /* Generated.xcconfig */,
			);
			name = Flutter;
			sourceTree = "<group>";
		};
		97C146E51CF9000F007C117D = {
			isa = PBXGroup;
			children = (
				9740EEB11CF90186004384FC /* Flutter */,
				97C146F01CF9000F007C117D /* Runner */,
				97C146EF1CF9000F007C117D /* Products */,
				53CDD29681161166962B9FA5 /* Pods */,
				5833EC5B503BBB4E370BA1B7 /* Frameworks */,
				47C2D3F50A23DE33DE92F592 /* TopShelfExtension */,
			);
			sourceTree = "<group>";
		};
		97C146EF1CF9000F007C117D /* Products */ = {
			isa = PBXGroup;
			children = (
				97C146EE1CF9000F007C117D /* Runner.app */,
				035F0D5A5E54BE7AD9AFA23C /* TopShelfExtension.appex */,
			);
			name = Products;
			sourceTree = "<group>";
		};
		97C146F01CF9000F007C117D /* Runner */ = {
			isa = PBXGroup;
			children = (
				97C146FA1CF9000F007C117D /* Main.storyboard */,
				97C146FD1CF9000F007C117D /* Assets.xcassets */,
				97C146FF1CF9000F007C117D /* LaunchScreen.storyboard */,
				97C147021CF9000F007C117D /* Info.plist */,
				74858FAE1ED2DC5600515810 /* AppDelegate.swift */,
				74858FAD1ED2DC5600515810 /* Runner-Bridging-Header.h */,
				BF0B7DFE378943E9D7865D18 /* MpvPlayer */,
				D58B788B11920D95BC7D750C /* Plugins */,
				0760C00EDC55A4D718BCB406 /* SystemShelfPlugin.swift */,
				937C0D45D6114EF1E957F5F6 /* Runner.entitlements */,
			);
			path = Runner;
			sourceTree = "<group>";
		};
		BF0B7DFE378943E9D7865D18 /* MpvPlayer */ = {
			isa = PBXGroup;
			children = (
				D52A3BDA46E79969EA1DF3AC /* MpvPlayerCoreBase.swift */,
				73645904F226A24585A092CE /* MpvPlayerPluginShared.swift */,
				B1D51A6A2F00110000000015 /* MpvAudioPlayerCore.swift */,
				B1D51A6A2F00110000000017 /* MpvAudioPlayerPlugin.swift */,
				7A11A7C50113007825B00A02 /* AtmosProbePlugin.swift */,
				A12B8610AE5D580077264851 /* MpvPlayerCore.swift */,
				9D7A998830EDC8F77BF521D1 /* MpvPlayerPlugin.swift */,
				A2635E12EB9322B151EE5127 /* MpvPipController.swift */,
			);
			name = MpvPlayer;
			path = Runner/MpvPlayer;
			sourceTree = "<group>";
		};
		D58B788B11920D95BC7D750C /* Plugins */ = {
			isa = PBXGroup;
			children = (
				24CE237B5ECBF841DDDAD2D1 /* shared_preferences_foundation */,
				02A6A190E05475F583874D9C /* package_info_plus */,
				DF39F6BC85D449736C737F18 /* path_provider */,
				6B0884FDB3DBCBC1E7F0CBAD /* device_info_plus */,
				25FB49FF35E9FB1E7A2040EF /* connectivity_plus */,
			);
			name = Plugins;
			path = Plugins;
			sourceTree = "<group>";
		};
		DF39F6BC85D449736C737F18 /* path_provider */ = {
			isa = PBXGroup;
			children = (
				D41AA251EF365516E2AC5287 /* PathProviderPlugin.swift */,
			);
			name = path_provider;
			path = path_provider;
			sourceTree = "<group>";
		};
/* End PBXGroup section */

/* Begin PBXNativeTarget section */
		63C63C245D7F38BFF091CEC3 /* TopShelfExtension */ = {
			isa = PBXNativeTarget;
			buildConfigurationList = C995F7A5B711B6DB7E97B000 /* Build configuration list for PBXNativeTarget "TopShelfExtension" */;
			buildPhases = (
				B1C48839AB6C24EF099DDFA3 /* Sources */,
				43E2EE359822E384AD7E8A2E /* Frameworks */,
				64CEA7DE6B9394CE88783302 /* Resources */,
				E2B5A6D75C9F4D1B9E8C7A63 /* Sync Version */,
			);
			buildRules = (
			);
			dependencies = (
			);
			name = TopShelfExtension;
			productName = TopShelfExtension;
			productReference = 035F0D5A5E54BE7AD9AFA23C /* TopShelfExtension.appex */;
			productType = "com.apple.product-type.app-extension";
		};
		97C146ED1CF9000F007C117D /* Runner */ = {
			isa = PBXNativeTarget;
			buildConfigurationList = 97C147051CF9000F007C117D /* Build configuration list for PBXNativeTarget "Runner" */;
			buildPhases = (
				570D41C54A87D72AB27F6F15 /* [CP] Check Pods Manifest.lock */,
				9740EEB61CF901F6004384FC /* Run Script */,
				97C146EA1CF9000F007C117D /* Sources */,
				97C146EB1CF9000F007C117D /* Frameworks */,
				97C146EC1CF9000F007C117D /* Resources */,
				9705A1C41CF9048500538489 /* Embed Frameworks */,
				AE0235548DB8213618795857 /* Embed App Extensions */,
				7C33FC680D67B3859BF9AE6C /* [CP] Embed Pods Frameworks */,
				3B06AD1E1E4923F5004D2608 /* Thin Binary */,
			);
			buildRules = (
			);
			dependencies = (
				F0399FC35D3A6ED67E74810D /* PBXTargetDependency */,
			);
			name = Runner;
			packageProductDependencies = (
				EA0F4263E7B912702C490108 /* MPVKit */,
			);
			productName = Runner;
			productReference = 97C146EE1CF9000F007C117D /* Runner.app */;
			productType = "com.apple.product-type.application";
		};
/* End PBXNativeTarget section */

/* Begin PBXProject section */
		97C146E61CF9000F007C117D /* Project object */ = {
			isa = PBXProject;
			attributes = {
				LastUpgradeCheck = 1020;
				ORGANIZATIONNAME = "";
				TargetAttributes = {
					97C146ED1CF9000F007C117D = {
						CreatedOnToolsVersion = 7.3.1;
						LastSwiftMigration = 1100;
					};
				};
			};
			buildConfigurationList = 97C146E91CF9000F007C117D /* Build configuration list for PBXProject "Runner" */;
			compatibilityVersion = "Xcode 9.3";
			developmentRegion = en;
			hasScannedForEncodings = 0;
			knownRegions = (
				en,
				Base,
			);
			mainGroup = 97C146E51CF9000F007C117D;
			packageReferences = (
				CEE842A5A25923620300AB90 /* XCRemoteSwiftPackageReference "MPVKit" */,
			);
			productRefGroup = 97C146EF1CF9000F007C117D /* Products */;
			projectDirPath = "";
			projectRoot = "";
			targets = (
				97C146ED1CF9000F007C117D /* Runner */,
				63C63C245D7F38BFF091CEC3 /* TopShelfExtension */,
			);
		};
/* End PBXProject section */

/* Begin PBXResourcesBuildPhase section */
		64CEA7DE6B9394CE88783302 /* Resources */ = {
			isa = PBXResourcesBuildPhase;
			buildActionMask = 2147483647;
			files = (
			);
			runOnlyForDeploymentPostprocessing = 0;
		};
		97C146EC1CF9000F007C117D /* Resources */ = {
			isa = PBXResourcesBuildPhase;
			buildActionMask = 2147483647;
			files = (
				97C147011CF9000F007C117D /* LaunchScreen.storyboard in Resources */,
				3B3967161E833CAA004F5970 /* AppFrameworkInfo.plist in Resources */,
				97C146FE1CF9000F007C117D /* Assets.xcassets in Resources */,
				97C146FC1CF9000F007C117D /* Main.storyboard in Resources */,
			);
			runOnlyForDeploymentPostprocessing = 0;
		};
/* End PBXResourcesBuildPhase section */

/* Begin PBXShellScriptBuildPhase section */
		3B06AD1E1E4923F5004D2608 /* Thin Binary */ = {
			isa = PBXShellScriptBuildPhase;
			buildActionMask = 2147483647;
			files = (
			);
			inputPaths = (
			);
			name = "Thin Binary";
			outputPaths = (
			);
			runOnlyForDeploymentPostprocessing = 0;
			shellPath = /bin/sh;
			shellScript = "/bin/bash \"$SOURCE_ROOT/scripts/xcode_appletv.sh\" sync_version\n";
		};
		570D41C54A87D72AB27F6F15 /* [CP] Check Pods Manifest.lock */ = {
			isa = PBXShellScriptBuildPhase;
			buildActionMask = 2147483647;
			files = (
			);
			inputFileListPaths = (
			);
			inputPaths = (
				"${PODS_PODFILE_DIR_PATH}/Podfile.lock",
				"${PODS_ROOT}/Manifest.lock",
			);
			name = "[CP] Check Pods Manifest.lock";
			outputFileListPaths = (
			);
			outputPaths = (
				"$(DERIVED_FILE_DIR)/Pods-Runner-checkManifestLockResult.txt",
			);
			runOnlyForDeploymentPostprocessing = 0;
			shellPath = /bin/sh;
			shellScript = "diff \"${PODS_PODFILE_DIR_PATH}/Podfile.lock\" \"${PODS_ROOT}/Manifest.lock\" > /dev/null\nif [ $? != 0 ] ; then\n    # print error to STDERR\n    echo \"error: The sandbox is not in sync with the Podfile.lock. Run 'pod install' or update your CocoaPods installation.\" >&2\n    exit 1\nfi\n# This output is used by Xcode 'outputs' to avoid re-running this script phase.\necho \"SUCCESS\" > \"${SCRIPT_OUTPUT_FILE_0}\"\n";
			showEnvVarsInLog = 0;
		};
		7C33FC680D67B3859BF9AE6C /* [CP] Embed Pods Frameworks */ = {
			isa = PBXShellScriptBuildPhase;
			buildActionMask = 2147483647;
			files = (
			);
			inputFileListPaths = (
				"${PODS_ROOT}/Target Support Files/Pods-Runner/Pods-Runner-frameworks-${CONFIGURATION}-input-files.xcfilelist",
			);
			name = "[CP] Embed Pods Frameworks";
			outputFileListPaths = (
				"${PODS_ROOT}/Target Support Files/Pods-Runner/Pods-Runner-frameworks-${CONFIGURATION}-output-files.xcfilelist",
			);
			runOnlyForDeploymentPostprocessing = 0;
			shellPath = /bin/sh;
			shellScript = "\"${PODS_ROOT}/Target Support Files/Pods-Runner/Pods-Runner-frameworks.sh\"\n";
			showEnvVarsInLog = 0;
		};
		E2B5A6D75C9F4D1B9E8C7A63 /* Sync Version */ = {
			isa = PBXShellScriptBuildPhase;
			buildActionMask = 2147483647;
			files = (
			);
			inputPaths = (
			);
			name = "Sync Version";
			outputPaths = (
			);
			runOnlyForDeploymentPostprocessing = 0;
			shellPath = /bin/sh;
			shellScript = "/bin/bash \"$SOURCE_ROOT/scripts/xcode_appletv.sh\" sync_version\n";
		};
		9740EEB61CF901F6004384FC /* Run Script */ = {
			isa = PBXShellScriptBuildPhase;
			buildActionMask = 2147483647;
			files = (
			);
			inputPaths = (
			);
			name = "Run Script";
			outputPaths = (
			);
			runOnlyForDeploymentPostprocessing = 0;
			shellPath = /bin/sh;
			shellScript = "#/bin/sh \"$FLUTTER_ROOT/packages/flutter_tools/bin/xcode_backend.sh\" build\n/bin/bash \"$SOURCE_ROOT/scripts/xcode_appletv.sh\" build\n";
		};
/* End PBXShellScriptBuildPhase section */

/* Begin PBXSourcesBuildPhase section */
		97C146EA1CF9000F007C117D /* Sources */ = {
			isa = PBXSourcesBuildPhase;
			buildActionMask = 2147483647;
			files = (
				74858FAF1ED2DC5600515810 /* AppDelegate.swift in Sources */,
				691577F0EB3F4EB1A5160280 /* MpvPlayerCoreBase.swift in Sources */,
				5C71F5F7B33075F2B007825B /* MpvPlayerPluginShared.swift in Sources */,
				B1D51A6A2F00110000000014 /* MpvAudioPlayerCore.swift in Sources */,
				B1D51A6A2F00110000000016 /* MpvAudioPlayerPlugin.swift in Sources */,
				7A11A7C50113007825B00A01 /* AtmosProbePlugin.swift in Sources */,
				6F3C0DD6F2F8DA14E7E2F386 /* MpvPlayerCore.swift in Sources */,
				8E5EED3DDAC9455D4DAA9776 /* MpvPlayerPlugin.swift in Sources */,
				AA34E3E5872B3792D6959EAA /* MpvPipController.swift in Sources */,
				E3DEAD2AAFC347A2E55AC0F7 /* SharedPreferencesPlugin.swift in Sources */,
				81325C1CD13794375A81AC02 /* messages.g.swift in Sources */,
				35DB0C8FEF635A3BCA0B722A /* PackageInfoPlusPlugin.swift in Sources */,
				055E465F9095D0B6E9B91D46 /* PathProviderPlugin.swift in Sources */,
				E79A4474D308631AFA59CAE7 /* DeviceInfoPlusPlugin.swift in Sources */,
				81F08E404EBEB19B00FF148D /* ConnectivityPlusPlugin.swift in Sources */,
				A7596F780E93AF0BE3838A26 /* ConnectivityProvider.swift in Sources */,
				CD1C0534948840272E58248E /* PathMonitorConnectivityProvider.swift in Sources */,
				D2A548D9DE1A0F319B30B74C /* SystemShelfPlugin.swift in Sources */,
			);
			runOnlyForDeploymentPostprocessing = 0;
		};
		B1C48839AB6C24EF099DDFA3 /* Sources */ = {
			isa = PBXSourcesBuildPhase;
			buildActionMask = 2147483647;
			files = (
				28DB4404B17342F46BC2B0A1 /* TopShelfProvider.swift in Sources */,
			);
			runOnlyForDeploymentPostprocessing = 0;
		};
/* End PBXSourcesBuildPhase section */

/* Begin PBXTargetDependency section */
		F0399FC35D3A6ED67E74810D /* PBXTargetDependency */ = {
			isa = PBXTargetDependency;
			name = TopShelfExtension;
			target = 63C63C245D7F38BFF091CEC3 /* TopShelfExtension */;
			targetProxy = 3E4E59C5E29F44BA64BEB559 /* PBXContainerItemProxy */;
		};
/* End PBXTargetDependency section */

/* Begin PBXVariantGroup section */
		97C146FA1CF9000F007C117D /* Main.storyboard */ = {
			isa = PBXVariantGroup;
			children = (
				97C146FB1CF9000F007C117D /* Base */,
			);
			name = Main.storyboard;
			sourceTree = "<group>";
		};
		97C146FF1CF9000F007C117D /* LaunchScreen.storyboard */ = {
			isa = PBXVariantGroup;
			children = (
				97C147001CF9000F007C117D /* Base */,
			);
			name = LaunchScreen.storyboard;
			sourceTree = "<group>";
		};
/* End PBXVariantGroup section */

/* Begin XCBuildConfiguration section */
		249021D3217E4FDB00AE95B9 /* Profile */ = {
			isa = XCBuildConfiguration;
			buildSettings = {
				ALWAYS_SEARCH_USER_PATHS = NO;
				CLANG_ANALYZER_NONNULL = YES;
				CLANG_CXX_LANGUAGE_STANDARD = "gnu++0x";
				CLANG_CXX_LIBRARY = "libc++";
				CLANG_ENABLE_MODULES = YES;
				CLANG_ENABLE_OBJC_ARC = YES;
				CLANG_WARN_BLOCK_CAPTURE_AUTORELEASING = YES;
				CLANG_WARN_BOOL_CONVERSION = YES;
				CLANG_WARN_COMMA = YES;
				CLANG_WARN_CONSTANT_CONVERSION = YES;
				CLANG_WARN_DEPRECATED_OBJC_IMPLEMENTATIONS = YES;
				CLANG_WARN_DIRECT_OBJC_ISA_USAGE = YES_ERROR;
				CLANG_WARN_EMPTY_BODY = YES;
				CLANG_WARN_ENUM_CONVERSION = YES;
				CLANG_WARN_INFINITE_RECURSION = YES;
				CLANG_WARN_INT_CONVERSION = YES;
				CLANG_WARN_NON_LITERAL_NULL_CONVERSION = YES;
				CLANG_WARN_OBJC_IMPLICIT_RETAIN_SELF = YES;
				CLANG_WARN_OBJC_LITERAL_CONVERSION = YES;
				CLANG_WARN_OBJC_ROOT_CLASS = YES_ERROR;
				CLANG_WARN_RANGE_LOOP_ANALYSIS = YES;
				CLANG_WARN_STRICT_PROTOTYPES = YES;
				CLANG_WARN_SUSPICIOUS_MOVE = YES;
				CLANG_WARN_UNREACHABLE_CODE = YES;
				CLANG_WARN__DUPLICATE_METHOD_MATCH = YES;
				"CODE_SIGN_IDENTITY[sdk=iphoneos*]" = "iPhone Developer";
				COPY_PHASE_STRIP = NO;
				DEBUG_INFORMATION_FORMAT = "dwarf-with-dsym";
				ENABLE_NS_ASSERTIONS = NO;
				ENABLE_STRICT_OBJC_MSGSEND = YES;
				GCC_C_LANGUAGE_STANDARD = gnu99;
				GCC_NO_COMMON_BLOCKS = YES;
				GCC_WARN_64_TO_32_BIT_CONVERSION = YES;
				GCC_WARN_ABOUT_RETURN_TYPE = YES_ERROR;
				GCC_WARN_UNDECLARED_SELECTOR = YES;
				GCC_WARN_UNINITIALIZED_AUTOS = YES_AGGRESSIVE;
				GCC_WARN_UNUSED_FUNCTION = YES;
				GCC_WARN_UNUSED_VARIABLE = YES;
				MTL_ENABLE_DEBUG_INFO = NO;
				ONLY_ACTIVE_ARCH = YES;
				SDKROOT = appletvos;
				SUPPORTED_PLATFORMS = "appletvos appletvsimulator";
				TARGETED_DEVICE_FAMILY = 3;
				TVOS_DEPLOYMENT_TARGET = 14.0;
				VALIDATE_PRODUCT = YES;
			};
			name = Profile;
		};
		249021D4217E4FDB00AE95B9 /* Profile */ = {
			isa = XCBuildConfiguration;
			baseConfigurationReference = 7AFA3C8E1D35360C0083082E /* Release.xcconfig */;
			buildSettings = {
				ASSETCATALOG_COMPILER_APPICON_NAME = AppIcon;
				CLANG_ENABLE_MODULES = YES;
				CODE_SIGN_ENTITLEMENTS = Runner/Runner.entitlements;
				CODE_SIGN_IDENTITY = "Apple Development";
				CODE_SIGN_STYLE = Automatic;
				CURRENT_PROJECT_VERSION = "$(FLUTTER_BUILD_NUMBER)";
				DEVELOPMENT_TEAM = G88U5B5783;
				ENABLE_BITCODE = NO;
				FRAMEWORK_SEARCH_PATHS = (
					"$(inherited)",
					"$(PROJECT_DIR)/Flutter",
				);
				INFOPLIST_FILE = Runner/Info.plist;
				INFOPLIST_KEY_CFBundleDisplayName = Plezy;
				INFOPLIST_KEY_LSApplicationCategoryType = "public.app-category.entertainment";
				LD_RUNPATH_SEARCH_PATHS = (
					"$(inherited)",
					"@executable_path/Frameworks",
				);
				LIBRARY_SEARCH_PATHS = (
					"$(inherited)",
					"$(PROJECT_DIR)/Flutter",
				);
				MARKETING_VERSION = 1.0;
				PRODUCT_BUNDLE_IDENTIFIER = com.edde746.plezy;
				PRODUCT_NAME = "$(TARGET_NAME)";
				PROVISIONING_PROFILE_SPECIFIER = "";
				SWIFT_OBJC_BRIDGING_HEADER = "Runner/Runner-Bridging-Header.h";
				SWIFT_VERSION = 5.0;
				VERSIONING_SYSTEM = "apple-generic";
			};
			name = Profile;
		};
		37D721B4A1E3E0EDC16D1456 /* Debug */ = {
			isa = XCBuildConfiguration;
			baseConfigurationReference = 9740EEB31CF90195004384FC /* Generated.xcconfig */;
			buildSettings = {
				APPLICATION_EXTENSION_API_ONLY = YES;
				CLANG_ENABLE_MODULES = YES;
				CODE_SIGN_ENTITLEMENTS = TopShelfExtension/TopShelfExtension.entitlements;
				CODE_SIGN_IDENTITY = "Apple Development";
				CODE_SIGN_STYLE = Automatic;
				CURRENT_PROJECT_VERSION = "$(FLUTTER_BUILD_NUMBER)";
				DEVELOPMENT_TEAM = G88U5B5783;
				ENABLE_BITCODE = NO;
				INFOPLIST_FILE = TopShelfExtension/Info.plist;
				LD_RUNPATH_SEARCH_PATHS = (
					"$(inherited)",
					"@executable_path/Frameworks",
					"@executable_path/../../Frameworks",
				);
				MARKETING_VERSION = "$(FLUTTER_BUILD_NAME)";
				PRODUCT_BUNDLE_IDENTIFIER = com.edde746.plezy.TopShelfExtension;
				PRODUCT_NAME = "$(TARGET_NAME)";
				SDKROOT = appletvos;
				SKIP_INSTALL = YES;
				SUPPORTED_PLATFORMS = "appletvos appletvsimulator";
				SWIFT_VERSION = 5.0;
				TARGETED_DEVICE_FAMILY = 3;
				TVOS_DEPLOYMENT_TARGET = 14.0;
			};
			name = Debug;
		};
		4A02CC70113C79647D6EEB12 /* Profile */ = {
			isa = XCBuildConfiguration;
			baseConfigurationReference = 9740EEB31CF90195004384FC /* Generated.xcconfig */;
			buildSettings = {
				APPLICATION_EXTENSION_API_ONLY = YES;
				CLANG_ENABLE_MODULES = YES;
				CODE_SIGN_ENTITLEMENTS = TopShelfExtension/TopShelfExtension.entitlements;
				CODE_SIGN_IDENTITY = "Apple Development";
				CODE_SIGN_STYLE = Automatic;
				CURRENT_PROJECT_VERSION = "$(FLUTTER_BUILD_NUMBER)";
				DEVELOPMENT_TEAM = G88U5B5783;
				ENABLE_BITCODE = NO;
				INFOPLIST_FILE = TopShelfExtension/Info.plist;
				LD_RUNPATH_SEARCH_PATHS = (
					"$(inherited)",
					"@executable_path/Frameworks",
					"@executable_path/../../Frameworks",
				);
				MARKETING_VERSION = "$(FLUTTER_BUILD_NAME)";
				PRODUCT_BUNDLE_IDENTIFIER = com.edde746.plezy.TopShelfExtension;
				PRODUCT_NAME = "$(TARGET_NAME)";
				SDKROOT = appletvos;
				SKIP_INSTALL = YES;
				SUPPORTED_PLATFORMS = "appletvos appletvsimulator";
				SWIFT_VERSION = 5.0;
				TARGETED_DEVICE_FAMILY = 3;
				TVOS_DEPLOYMENT_TARGET = 14.0;
				VALIDATE_PRODUCT = YES;
			};
			name = Profile;
		};
		65F6020FE0DF48006BADE49C /* Release */ = {
			isa = XCBuildConfiguration;
			baseConfigurationReference = 9740EEB31CF90195004384FC /* Generated.xcconfig */;
			buildSettings = {
				APPLICATION_EXTENSION_API_ONLY = YES;
				CLANG_ENABLE_MODULES = YES;
				CODE_SIGN_ENTITLEMENTS = TopShelfExtension/TopShelfExtension.entitlements;
				CODE_SIGN_IDENTITY = "Apple Development";
				CODE_SIGN_STYLE = Automatic;
				CURRENT_PROJECT_VERSION = "$(FLUTTER_BUILD_NUMBER)";
				DEVELOPMENT_TEAM = G88U5B5783;
				ENABLE_BITCODE = NO;
				INFOPLIST_FILE = TopShelfExtension/Info.plist;
				LD_RUNPATH_SEARCH_PATHS = (
					"$(inherited)",
					"@executable_path/Frameworks",
					"@executable_path/../../Frameworks",
				);
				MARKETING_VERSION = "$(FLUTTER_BUILD_NAME)";
				PRODUCT_BUNDLE_IDENTIFIER = com.edde746.plezy.TopShelfExtension;
				PRODUCT_NAME = "$(TARGET_NAME)";
				SDKROOT = appletvos;
				SKIP_INSTALL = YES;
				SUPPORTED_PLATFORMS = "appletvos appletvsimulator";
				SWIFT_VERSION = 5.0;
				TARGETED_DEVICE_FAMILY = 3;
				TVOS_DEPLOYMENT_TARGET = 14.0;
				VALIDATE_PRODUCT = YES;
			};
			name = Release;
		};
		97C147031CF9000F007C117D /* Debug */ = {
			isa = XCBuildConfiguration;
			buildSettings = {
				ALWAYS_SEARCH_USER_PATHS = NO;
				CLANG_ANALYZER_NONNULL = YES;
				CLANG_CXX_LANGUAGE_STANDARD = "gnu++0x";
				CLANG_CXX_LIBRARY = "libc++";
				CLANG_ENABLE_MODULES = YES;
				CLANG_ENABLE_OBJC_ARC = YES;
				CLANG_WARN_BLOCK_CAPTURE_AUTORELEASING = YES;
				CLANG_WARN_BOOL_CONVERSION = YES;
				CLANG_WARN_COMMA = YES;
				CLANG_WARN_CONSTANT_CONVERSION = YES;
				CLANG_WARN_DEPRECATED_OBJC_IMPLEMENTATIONS = YES;
				CLANG_WARN_DIRECT_OBJC_ISA_USAGE = YES_ERROR;
				CLANG_WARN_EMPTY_BODY = YES;
				CLANG_WARN_ENUM_CONVERSION = YES;
				CLANG_WARN_INFINITE_RECURSION = YES;
				CLANG_WARN_INT_CONVERSION = YES;
				CLANG_WARN_NON_LITERAL_NULL_CONVERSION = YES;
				CLANG_WARN_OBJC_IMPLICIT_RETAIN_SELF = YES;
				CLANG_WARN_OBJC_LITERAL_CONVERSION = YES;
				CLANG_WARN_OBJC_ROOT_CLASS = YES_ERROR;
				CLANG_WARN_RANGE_LOOP_ANALYSIS = YES;
				CLANG_WARN_STRICT_PROTOTYPES = YES;
				CLANG_WARN_SUSPICIOUS_MOVE = YES;
				CLANG_WARN_UNREACHABLE_CODE = YES;
				CLANG_WARN__DUPLICATE_METHOD_MATCH = YES;
				"CODE_SIGN_IDENTITY[sdk=iphoneos*]" = "iPhone Developer";
				COPY_PHASE_STRIP = NO;
				DEBUG_INFORMATION_FORMAT = dwarf;
				ENABLE_STRICT_OBJC_MSGSEND = YES;
				ENABLE_TESTABILITY = YES;
				GCC_C_LANGUAGE_STANDARD = gnu99;
				GCC_DYNAMIC_NO_PIC = NO;
				GCC_NO_COMMON_BLOCKS = YES;
				GCC_OPTIMIZATION_LEVEL = 0;
				GCC_PREPROCESSOR_DEFINITIONS = (
					"DEBUG=1",
					"$(inherited)",
				);
				GCC_WARN_64_TO_32_BIT_CONVERSION = YES;
				GCC_WARN_ABOUT_RETURN_TYPE = YES_ERROR;
				GCC_WARN_UNDECLARED_SELECTOR = YES;
				GCC_WARN_UNINITIALIZED_AUTOS = YES_AGGRESSIVE;
				GCC_WARN_UNUSED_FUNCTION = YES;
				GCC_WARN_UNUSED_VARIABLE = YES;
				MTL_ENABLE_DEBUG_INFO = YES;
				ONLY_ACTIVE_ARCH = YES;
				SDKROOT = appletvos;
				TARGETED_DEVICE_FAMILY = 3;
				TVOS_DEPLOYMENT_TARGET = 14.0;
			};
			name = Debug;
		};
		97C147041CF9000F007C117D /* Release */ = {
			isa = XCBuildConfiguration;
			buildSettings = {
				ALWAYS_SEARCH_USER_PATHS = NO;
				CLANG_ANALYZER_NONNULL = YES;
				CLANG_CXX_LANGUAGE_STANDARD = "gnu++0x";
				CLANG_CXX_LIBRARY = "libc++";
				CLANG_ENABLE_MODULES = YES;
				CLANG_ENABLE_OBJC_ARC = YES;
				CLANG_WARN_BLOCK_CAPTURE_AUTORELEASING = YES;
				CLANG_WARN_BOOL_CONVERSION = YES;
				CLANG_WARN_COMMA = YES;
				CLANG_WARN_CONSTANT_CONVERSION = YES;
				CLANG_WARN_DEPRECATED_OBJC_IMPLEMENTATIONS = YES;
				CLANG_WARN_DIRECT_OBJC_ISA_USAGE = YES_ERROR;
				CLANG_WARN_EMPTY_BODY = YES;
				CLANG_WARN_ENUM_CONVERSION = YES;
				CLANG_WARN_INFINITE_RECURSION = YES;
				CLANG_WARN_INT_CONVERSION = YES;
				CLANG_WARN_NON_LITERAL_NULL_CONVERSION = YES;
				CLANG_WARN_OBJC_IMPLICIT_RETAIN_SELF = YES;
				CLANG_WARN_OBJC_LITERAL_CONVERSION = YES;
				CLANG_WARN_OBJC_ROOT_CLASS = YES_ERROR;
				CLANG_WARN_RANGE_LOOP_ANALYSIS = YES;
				CLANG_WARN_STRICT_PROTOTYPES = YES;
				CLANG_WARN_SUSPICIOUS_MOVE = YES;
				CLANG_WARN_UNREACHABLE_CODE = YES;
				CLANG_WARN__DUPLICATE_METHOD_MATCH = YES;
				"CODE_SIGN_IDENTITY[sdk=iphoneos*]" = "iPhone Developer";
				COPY_PHASE_STRIP = NO;
				DEBUG_INFORMATION_FORMAT = "dwarf-with-dsym";
				ENABLE_NS_ASSERTIONS = NO;
				ENABLE_STRICT_OBJC_MSGSEND = YES;
				GCC_C_LANGUAGE_STANDARD = gnu99;
				GCC_NO_COMMON_BLOCKS = YES;
				GCC_WARN_64_TO_32_BIT_CONVERSION = YES;
				GCC_WARN_ABOUT_RETURN_TYPE = YES_ERROR;
				GCC_WARN_UNDECLARED_SELECTOR = YES;
				GCC_WARN_UNINITIALIZED_AUTOS = YES_AGGRESSIVE;
				GCC_WARN_UNUSED_FUNCTION = YES;
				GCC_WARN_UNUSED_VARIABLE = YES;
				MTL_ENABLE_DEBUG_INFO = NO;
				ONLY_ACTIVE_ARCH = YES;
				SDKROOT = appletvos;
				SUPPORTED_PLATFORMS = "appletvos appletvsimulator";
				SWIFT_COMPILATION_MODE = wholemodule;
				SWIFT_OPTIMIZATION_LEVEL = "-O";
				TARGETED_DEVICE_FAMILY = 3;
				TVOS_DEPLOYMENT_TARGET = 14.0;
				VALIDATE_PRODUCT = YES;
			};
			name = Release;
		};
		97C147061CF9000F007C117D /* Debug */ = {
			isa = XCBuildConfiguration;
			baseConfigurationReference = 9740EEB21CF90195004384FC /* Debug.xcconfig */;
			buildSettings = {
				ASSETCATALOG_COMPILER_APPICON_NAME = AppIcon;
				CLANG_ENABLE_MODULES = YES;
				CODE_SIGN_ENTITLEMENTS = Runner/Runner.entitlements;
				CODE_SIGN_IDENTITY = "Apple Development";
				CODE_SIGN_STYLE = Automatic;
				CURRENT_PROJECT_VERSION = "$(FLUTTER_BUILD_NUMBER)";
				DEVELOPMENT_TEAM = G88U5B5783;
				ENABLE_BITCODE = NO;
				FRAMEWORK_SEARCH_PATHS = (
					"$(inherited)",
					"$(PROJECT_DIR)/Flutter",
				);
				INFOPLIST_FILE = Runner/Info.plist;
				INFOPLIST_KEY_CFBundleDisplayName = Plezy;
				INFOPLIST_KEY_LSApplicationCategoryType = "public.app-category.entertainment";
				LD_RUNPATH_SEARCH_PATHS = (
					"$(inherited)",
					"@executable_path/Frameworks",
				);
				LIBRARY_SEARCH_PATHS = (
					"$(inherited)",
					"$(PROJECT_DIR)/Flutter",
				);
				MARKETING_VERSION = 1.0;
				PRODUCT_BUNDLE_IDENTIFIER = com.edde746.plezy;
				PRODUCT_NAME = "$(TARGET_NAME)";
				PROVISIONING_PROFILE_SPECIFIER = "";
				SWIFT_OBJC_BRIDGING_HEADER = "Runner/Runner-Bridging-Header.h";
				SWIFT_OPTIMIZATION_LEVEL = "-Onone";
				SWIFT_VERSION = 5.0;
				VERSIONING_SYSTEM = "apple-generic";
			};
			name = Debug;
		};
		97C147071CF9000F007C117D /* Release */ = {
			isa = XCBuildConfiguration;
			baseConfigurationReference = 7AFA3C8E1D35360C0083082E /* Release.xcconfig */;
			buildSettings = {
				ASSETCATALOG_COMPILER_APPICON_NAME = AppIcon;
				CLANG_ENABLE_MODULES = YES;
				CODE_SIGN_ENTITLEMENTS = Runner/Runner.entitlements;
				CODE_SIGN_IDENTITY = "Apple Development";
				CODE_SIGN_STYLE = Automatic;
				CURRENT_PROJECT_VERSION = "$(FLUTTER_BUILD_NUMBER)";
				DEVELOPMENT_TEAM = G88U5B5783;
				ENABLE_BITCODE = NO;
				FRAMEWORK_SEARCH_PATHS = (
					"$(inherited)",
					"$(PROJECT_DIR)/Flutter",
				);
				INFOPLIST_FILE = Runner/Info.plist;
				INFOPLIST_KEY_CFBundleDisplayName = Plezy;
				INFOPLIST_KEY_LSApplicationCategoryType = "public.app-category.entertainment";
				LD_RUNPATH_SEARCH_PATHS = (
					"$(inherited)",
					"@executable_path/Frameworks",
				);
				LIBRARY_SEARCH_PATHS = (
					"$(inherited)",
					"$(PROJECT_DIR)/Flutter",
				);
				MARKETING_VERSION = 1.0;
				PRODUCT_BUNDLE_IDENTIFIER = com.edde746.plezy;
				PRODUCT_NAME = "$(TARGET_NAME)";
				PROVISIONING_PROFILE_SPECIFIER = "";
				SWIFT_OBJC_BRIDGING_HEADER = "Runner/Runner-Bridging-Header.h";
				SWIFT_VERSION = 5.0;
				VERSIONING_SYSTEM = "apple-generic";
			};
			name = Release;
		};
/* End XCBuildConfiguration section */

/* Begin XCConfigurationList section */
		97C146E91CF9000F007C117D /* Build configuration list for PBXProject "Runner" */ = {
			isa = XCConfigurationList;
			buildConfigurations = (
				97C147031CF9000F007C117D /* Debug */,
				97C147041CF9000F007C117D /* Release */,
				249021D3217E4FDB00AE95B9 /* Profile */,
			);
			defaultConfigurationIsVisible = 0;
			defaultConfigurationName = Release;
		};
		97C147051CF9000F007C117D /* Build configuration list for PBXNativeTarget "Runner" */ = {
			isa = XCConfigurationList;
			buildConfigurations = (
				97C147061CF9000F007C117D /* Debug */,
				97C147071CF9000F007C117D /* Release */,
				249021D4217E4FDB00AE95B9 /* Profile */,
			);
			defaultConfigurationIsVisible = 0;
			defaultConfigurationName = Release;
		};
		C995F7A5B711B6DB7E97B000 /* Build configuration list for PBXNativeTarget "TopShelfExtension" */ = {
			isa = XCConfigurationList;
			buildConfigurations = (
				65F6020FE0DF48006BADE49C /* Release */,
				37D721B4A1E3E0EDC16D1456 /* Debug */,
				4A02CC70113C79647D6EEB12 /* Profile */,
			);
			defaultConfigurationIsVisible = 0;
			defaultConfigurationName = Release;
		};
/* End XCConfigurationList section */

/* Begin XCRemoteSwiftPackageReference section */
		CEE842A5A25923620300AB90 /* XCRemoteSwiftPackageReference "MPVKit" */ = {
			isa = XCRemoteSwiftPackageReference;
			repositoryURL = "https://github.com/edde746/MPVKit";
			requirement = {
				kind = exactVersion;
				version = 1.0.9;
			};
		};
/* End XCRemoteSwiftPackageReference section */

/* Begin XCSwiftPackageProductDependency section */
		EA0F4263E7B912702C490108 /* MPVKit */ = {
			isa = XCSwiftPackageProductDependency;
			package = CEE842A5A25923620300AB90 /* XCRemoteSwiftPackageReference "MPVKit" */;
			productName = MPVKit;
		};
/* End XCSwiftPackageProductDependency section */
	};
	rootObject = 97C146E61CF9000F007C117D /* Project object */;
}
